// !$*UTF8*$!
{
	archiveVersion = 1;
	classes = {
	};
	objectVersion = 46;
	objects = {

/* Begin PBXBuildFile section */
		07F77B191EA6C55C00C67ED0 /* Metal.framework in Frameworks */ = {isa = PBXBuildFile; fileRef = 07F77B181EA6C55C00C67ED0 /* Metal.framework */; };
		07F77B1B1EA6C55C00C67ED0 /* MetalKit.framework in Frameworks */ = {isa = PBXBuildFile; fileRef = 07F77B1A1EA6C55C00C67ED0 /* MetalKit.framework */; };
		07F77B1D1EA6C55C00C67ED0 /* ModelIO.framework in Frameworks */ = {isa = PBXBuildFile; fileRef = 07F77B1C1EA6C55C00C67ED0 /* ModelIO.framework */; };
		07F77B201EA6C55C00C67ED0 /* Assets.xcassets in Resources */ = {isa = PBXBuildFile; fileRef = 07F77B1F1EA6C55C00C67ED0 /* Assets.xcassets */; };
		07F77B231EA6C55C00C67ED0 /* main.m in Sources */ = {isa = PBXBuildFile; fileRef = 07F77B221EA6C55C00C67ED0 /* main.m */; };
		07F77B261EA6C55C00C67ED0 /* AppDelegate.m in Sources */ = {isa = PBXBuildFile; fileRef = 07F77B251EA6C55C00C67ED0 /* AppDelegate.m */; };
		07F77B291EA6C55C00C67ED0 /* Renderer.m in Sources */ = {isa = PBXBuildFile; fileRef = 07F77B281EA6C55C00C67ED0 /* Renderer.m */; };
		07F77B2C1EA6C55C00C67ED0 /* GameViewController.m in Sources */ = {isa = PBXBuildFile; fileRef = 07F77B2B1EA6C55C00C67ED0 /* GameViewController.m */; };
		07F77B2E1EA6C55C00C67ED0 /* Shaders.metal in Sources */ = {isa = PBXBuildFile; fileRef = 07F77B2D1EA6C55C00C67ED0 /* Shaders.metal */; };
		07F77B321EA6C55C00C67ED0 /* Main.storyboard in Resources */ = {isa = PBXBuildFile; fileRef = 07F77B301EA6C55C00C67ED0 /* Main.storyboard */; };
		07F77B351EA6C55C00C67ED0 /* LaunchScreen.storyboard in Resources */ = {isa = PBXBuildFile; fileRef = 07F77B331EA6C55C00C67ED0 /* LaunchScreen.storyboard */; };
		07F77B3E1EA6C5A100C67ED0 /* ReplayTestRecorder.m in Sources */ = {isa = PBXBuildFile; fileRef = 07F77B3D1EA6C5A100C67ED0 /* ReplayTestRecorder.m */; };
		07F77B401EA737BF00C67ED0 /* ReplayKit.framework in Frameworks */ = {isa = PBXBuildFile; fileRef = 07F77B3F1EA737BF00C67ED0 /* ReplayKit.framework */; };
/* End PBXBuildFile section */

/* Begin PBXFileReference section */
		07F77B151EA6C55C00C67ED0 /* RemoteNotes2.app */ = {isa = PBXFileReference; explicitFileType = wrapper.application; includeInIndex = 0; path = RemoteNotes2.app; sourceTree = BUILT_PRODUCTS_DIR; };
		07F77B181EA6C55C00C67ED0 /* Metal.framework */ = {isa = PBXFileReference; lastKnownFileType = wrapper.framework; name = Metal.framework; path = System/Library/Frameworks/Metal.framework; sourceTree = SDKROOT; };
		07F77B1A1EA6C55C00C67ED0 /* MetalKit.framework */ = {isa = PBXFileReference; lastKnownFileType = wrapper.framework; name = MetalKit.framework; path = System/Library/Frameworks/MetalKit.framework; sourceTree = SDKROOT; };
		07F77B1C1EA6C55C00C67ED0 /* ModelIO.framework */ = {isa = PBXFileReference; lastKnownFileType = wrapper.framework; name = ModelIO.framework; path = System/Library/Frameworks/ModelIO.framework; sourceTree = SDKROOT; };
		07F77B1F1EA6C55C00C67ED0 /* Assets.xcassets */ = {isa = PBXFileReference; lastKnownFileType = folder.assetcatalog; path = Assets.xcassets; sourceTree = "<group>"; };
		07F77B221EA6C55C00C67ED0 /* main.m */ = {isa = PBXFileReference; lastKnownFileType = sourcecode.c.objc; path = main.m; sourceTree = "<group>"; };
		07F77B241EA6C55C00C67ED0 /* AppDelegate.h */ = {isa = PBXFileReference; lastKnownFileType = sourcecode.c.h; path = AppDelegate.h; sourceTree = "<group>"; };
		07F77B251EA6C55C00C67ED0 /* AppDelegate.m */ = {isa = PBXFileReference; lastKnownFileType = sourcecode.c.objc; path = AppDelegate.m; sourceTree = "<group>"; };
		07F77B271EA6C55C00C67ED0 /* Renderer.h */ = {isa = PBXFileReference; lastKnownFileType = sourcecode.c.h; path = Renderer.h; sourceTree = "<group>"; };
		07F77B281EA6C55C00C67ED0 /* Renderer.m */ = {isa = PBXFileReference; lastKnownFileType = sourcecode.c.objc; path = Renderer.m; sourceTree = "<group>"; };
		07F77B2A1EA6C55C00C67ED0 /* GameViewController.h */ = {isa = PBXFileReference; lastKnownFileType = sourcecode.c.h; path = GameViewController.h; sourceTree = "<group>"; };
		07F77B2B1EA6C55C00C67ED0 /* GameViewController.m */ = {isa = PBXFileReference; lastKnownFileType = sourcecode.c.objc; path = GameViewController.m; sourceTree = "<group>"; };
		07F77B2D1EA6C55C00C67ED0 /* Shaders.metal */ = {isa = PBXFileReference; lastKnownFileType = sourcecode.metal; path = Shaders.metal; sourceTree = "<group>"; };
		07F77B2F1EA6C55C00C67ED0 /* ShaderTypes.h */ = {isa = PBXFileReference; lastKnownFileType = sourcecode.c.h; path = ShaderTypes.h; sourceTree = "<group>"; };
		07F77B311EA6C55C00C67ED0 /* Base */ = {isa = PBXFileReference; lastKnownFileType = file.storyboard; name = Base; path = Base.lproj/Main.storyboard; sourceTree = "<group>"; };
		07F77B341EA6C55C00C67ED0 /* Base */ = {isa = PBXFileReference; lastKnownFileType = file.storyboard; name = Base; path = Base.lproj/LaunchScreen.storyboard; sourceTree = "<group>"; };
		07F77B361EA6C55C00C67ED0 /* Info.plist */ = {isa = PBXFileReference; lastKnownFileType = text.plist.xml; path = Info.plist; sourceTree = "<group>"; };
		07F77B3C1EA6C5A100C67ED0 /* ReplayTestRecorder.h */ = {isa = PBXFileReference; fileEncoding = 4; lastKnownFileType = sourcecode.c.h; path = ReplayTestRecorder.h; sourceTree = "<group>"; };
		07F77B3D1EA6C5A100C67ED0 /* ReplayTestRecorder.m */ = {isa = PBXFileReference; fileEncoding = 4; lastKnownFileType = sourcecode.c.objc; path = ReplayTestRecorder.m; sourceTree = "<group>"; };
		07F77B3F1EA737BF00C67ED0 /* ReplayKit.framework */ = {isa = PBXFileReference; lastKnownFileType = wrapper.framework; name = ReplayKit.framework; path = System/Library/Frameworks/ReplayKit.framework; sourceTree = SDKROOT; };
/* End PBXFileReference section */

/* Begin PBXFrameworksBuildPhase section */
		07F77B121EA6C55C00C67ED0 /* Frameworks */ = {
			isa = PBXFrameworksBuildPhase;
			buildActionMask = 2147483647;
			files = (
				07F77B401EA737BF00C67ED0 /* ReplayKit.framework in Frameworks */,
				07F77B1D1EA6C55C00C67ED0 /* ModelIO.framework in Frameworks */,
				07F77B191EA6C55C00C67ED0 /* Metal.framework in Frameworks */,
				07F77B1B1EA6C55C00C67ED0 /* MetalKit.framework in Frameworks */,
			);
			runOnlyForDeploymentPostprocessing = 0;
		};
/* End PBXFrameworksBuildPhase section */

/* Begin PBXGroup section */
		07F77B0C1EA6C55C00C67ED0 = {
			isa = PBXGroup;
			children = (
				07F77B1E1EA6C55C00C67ED0 /* RemoteNotes2 */,
				07F77B171EA6C55C00C67ED0 /* Frameworks */,
				07F77B161EA6C55C00C67ED0 /* Products */,
			);
			sourceTree = "<group>";
		};
		07F77B161EA6C55C00C67ED0 /* Products */ = {
			isa = PBXGroup;
			children = (
				07F77B151EA6C55C00C67ED0 /* RemoteNotes2.app */,
			);
			name = Products;
			sourceTree = "<group>";
		};
		07F77B171EA6C55C00C67ED0 /* Frameworks */ = {
			isa = PBXGroup;
			children = (
				07F77B3F1EA737BF00C67ED0 /* ReplayKit.framework */,
				07F77B181EA6C55C00C67ED0 /* Metal.framework */,
				07F77B1A1EA6C55C00C67ED0 /* MetalKit.framework */,
				07F77B1C1EA6C55C00C67ED0 /* ModelIO.framework */,
			);
			name = Frameworks;
			sourceTree = "<group>";
		};
		07F77B1E1EA6C55C00C67ED0 /* RemoteNotes2 */ = {
			isa = PBXGroup;
			children = (
				07F77B3C1EA6C5A100C67ED0 /* ReplayTestRecorder.h */,
				07F77B3D1EA6C5A100C67ED0 /* ReplayTestRecorder.m */,
				07F77B1F1EA6C55C00C67ED0 /* Assets.xcassets */,
				07F77B241EA6C55C00C67ED0 /* AppDelegate.h */,
				07F77B251EA6C55C00C67ED0 /* AppDelegate.m */,
				07F77B271EA6C55C00C67ED0 /* Renderer.h */,
				07F77B281EA6C55C00C67ED0 /* Renderer.m */,
				07F77B2A1EA6C55C00C67ED0 /* GameViewController.h */,
				07F77B2B1EA6C55C00C67ED0 /* GameViewController.m */,
				07F77B2D1EA6C55C00C67ED0 /* Shaders.metal */,
				07F77B2F1EA6C55C00C67ED0 /* ShaderTypes.h */,
				07F77B301EA6C55C00C67ED0 /* Main.storyboard */,
				07F77B331EA6C55C00C67ED0 /* LaunchScreen.storyboard */,
				07F77B361EA6C55C00C67ED0 /* Info.plist */,
				07F77B211EA6C55C00C67ED0 /* Supporting Files */,
			);
			path = RemoteNotes2;
			sourceTree = "<group>";
		};
		07F77B211EA6C55C00C67ED0 /* Supporting Files */ = {
			isa = PBXGroup;
			children = (
				07F77B221EA6C55C00C67ED0 /* main.m */,
			);
			name = "Supporting Files";
			sourceTree = "<group>";
		};
/* End PBXGroup section */

/* Begin PBXNativeTarget section */
		07F77B141EA6C55C00C67ED0 /* RemoteNotes2 */ = {
			isa = PBXNativeTarget;
			buildConfigurationList = 07F77B391EA6C55C00C67ED0 /* Build configuration list for PBXNativeTarget "RemoteNotes2" */;
			buildPhases = (
				07F77B111EA6C55C00C67ED0 /* Sources */,
				07F77B121EA6C55C00C67ED0 /* Frameworks */,
				07F77B131EA6C55C00C67ED0 /* Resources */,
			);
			buildRules = (
			);
			dependencies = (
			);
			name = RemoteNotes2;
			productName = RemoteNotes2;
			productReference = 07F77B151EA6C55C00C67ED0 /* RemoteNotes2.app */;
			productType = "com.apple.product-type.application";
		};
/* End PBXNativeTarget section */

/* Begin PBXProject section */
		07F77B0D1EA6C55C00C67ED0 /* Project object */ = {
			isa = PBXProject;
			attributes = {
				LastUpgradeCheck = 0830;
				ORGANIZATIONNAME = "Omar A Rodriguez";
				TargetAttributes = {
					07F77B141EA6C55C00C67ED0 = {
						CreatedOnToolsVersion = 8.3.1;
						DevelopmentTeam = STT4SEF32G;
						ProvisioningStyle = Automatic;
					};
				};
			};
			buildConfigurationList = 07F77B101EA6C55C00C67ED0 /* Build configuration list for PBXProject "RemoteNotes2" */;
			compatibilityVersion = "Xcode 3.2";
			developmentRegion = English;
			hasScannedForEncodings = 0;
			knownRegions = (
				en,
				Base,
			);
			mainGroup = 07F77B0C1EA6C55C00C67ED0;
			productRefGroup = 07F77B161EA6C55C00C67ED0 /* Products */;
			projectDirPath = "";
			projectRoot = "";
			targets = (
				07F77B141EA6C55C00C67ED0 /* RemoteNotes2 */,
			);
		};
/* End PBXProject section */

/* Begin PBXResourcesBuildPhase section */
		07F77B131EA6C55C00C67ED0 /* Resources */ = {
			isa = PBXResourcesBuildPhase;
			buildActionMask = 2147483647;
			files = (
				07F77B351EA6C55C00C67ED0 /* LaunchScreen.storyboard in Resources */,
				07F77B201EA6C55C00C67ED0 /* Assets.xcassets in Resources */,
				07F77B321EA6C55C00C67ED0 /* Main.storyboard in Resources */,
			);
			runOnlyForDeploymentPostprocessing = 0;
		};
/* End PBXResourcesBuildPhase section */

/* Begin PBXSourcesBuildPhase section */
		07F77B111EA6C55C00C67ED0 /* Sources */ = {
			isa = PBXSourcesBuildPhase;
			buildActionMask = 2147483647;
			files = (
				07F77B3E1EA6C5A100C67ED0 /* ReplayTestRecorder.m in Sources */,
				07F77B2C1EA6C55C00C67ED0 /* GameViewController.m in Sources */,
				07F77B261EA6C55C00C67ED0 /* AppDelegate.m in Sources */,
				07F77B231EA6C55C00C67ED0 /* main.m in Sources */,
				07F77B291EA6C55C00C67ED0 /* Renderer.m in Sources */,
				07F77B2E1EA6C55C00C67ED0 /* Shaders.metal in Sources */,
			);
			runOnlyForDeploymentPostprocessing = 0;
		};
/* End PBXSourcesBuildPhase section */

/* Begin PBXVariantGroup section */
		07F77B301EA6C55C00C67ED0 /* Main.storyboard */ = {
			isa = PBXVariantGroup;
			children = (
				07F77B311EA6C55C00C67ED0 /* Base */,
			);
			name = Main.storyboard;
			sourceTree = "<group>";
		};
		07F77B331EA6C55C00C67ED0 /* LaunchScreen.storyboard */ = {
			isa = PBXVariantGroup;
			children = (
				07F77B341EA6C55C00C67ED0 /* Base */,
			);
			name = LaunchScreen.storyboard;
			sourceTree = "<group>";
		};
/* End PBXVariantGroup section */

/* Begin XCBuildConfiguration section */
		07F77B371EA6C55C00C67ED0 /* Debug */ = {
			isa = XCBuildConfiguration;
			buildSettings = {
				ALWAYS_SEARCH_USER_PATHS = NO;
				CLANG_ANALYZER_NONNULL = YES;
				CLANG_ANALYZER_NUMBER_OBJECT_CONVERSION = YES_AGGRESSIVE;
				CLANG_CXX_LANGUAGE_STANDARD = "gnu++0x";
				CLANG_CXX_LIBRARY = "libc++";
				CLANG_ENABLE_MODULES = YES;
				CLANG_ENABLE_OBJC_ARC = YES;
				CLANG_WARN_BOOL_CONVERSION = YES;
				CLANG_WARN_CONSTANT_CONVERSION = YES;
				CLANG_WARN_DIRECT_OBJC_ISA_USAGE = YES_ERROR;
				CLANG_WARN_DOCUMENTATION_COMMENTS = YES;
				CLANG_WARN_EMPTY_BODY = YES;
				CLANG_WARN_ENUM_CONVERSION = YES;
				CLANG_WARN_INFINITE_RECURSION = YES;
				CLANG_WARN_INT_CONVERSION = YES;
				CLANG_WARN_OBJC_ROOT_CLASS = YES_ERROR;
				CLANG_WARN_SUSPICIOUS_MOVE = YES;
				CLANG_WARN_UNREACHABLE_CODE = YES;
				CLANG_WARN__DUPLICATE_METHOD_MATCH = YES;
				"CODE_SIGN_IDENTITY[sdk=iphoneos*]" = "iPhone Developer";
				COPY_PHASE_STRIP = NO;
				DEBUG_INFORMATION_FORMAT = dwarf;
				ENABLE_STRICT_OBJC_MSGSEND = YES;
				ENABLE_TESTABILITY = YES;
				GCC_C_LANGUAGE_STANDARD = gnu99;
				GCC_DYNAMIC_NO_PIC = NO;
				GCC_NO_COMMON_BLOCKS = YES;
				GCC_OPTIMIZATION_LEVEL = 0;
				GCC_PREPROCESSOR_DEFINITIONS = (
					"DEBUG=1",
					"$(inherited)",
				);
				GCC_WARN_64_TO_32_BIT_CONVERSION = YES;
				GCC_WARN_ABOUT_RETURN_TYPE = YES_ERROR;
				GCC_WARN_UNDECLARED_SELECTOR = YES;
				GCC_WARN_UNINITIALIZED_AUTOS = YES_AGGRESSIVE;
				GCC_WARN_UNUSED_FUNCTION = YES;
				GCC_WARN_UNUSED_VARIABLE = YES;
				IPHONEOS_DEPLOYMENT_TARGET = 10.3;
				MTL_ENABLE_DEBUG_INFO = YES;
				ONLY_ACTIVE_ARCH = YES;
				SDKROOT = iphoneos;
			};
			name = Debug;
		};
		07F77B381EA6C55C00C67ED0 /* Release */ = {
			isa = XCBuildConfiguration;
			buildSettings = {
				ALWAYS_SEARCH_USER_PATHS = NO;
				CLANG_ANALYZER_NONNULL = YES;
				CLANG_ANALYZER_NUMBER_OBJECT_CONVERSION = YES_AGGRESSIVE;
				CLANG_CXX_LANGUAGE_STANDARD = "gnu++0x";
				CLANG_CXX_LIBRARY = "libc++";
				CLANG_ENABLE_MODULES = YES;
				CLANG_ENABLE_OBJC_ARC = YES;
				CLANG_WARN_BOOL_CONVERSION = YES;
				CLANG_WARN_CONSTANT_CONVERSION = YES;
				CLANG_WARN_DIRECT_OBJC_ISA_USAGE = YES_ERROR;
				CLANG_WARN_DOCUMENTATION_COMMENTS = YES;
				CLANG_WARN_EMPTY_BODY = YES;
				CLANG_WARN_ENUM_CONVERSION = YES;
				CLANG_WARN_INFINITE_RECURSION = YES;
				CLANG_WARN_INT_CONVERSION = YES;
				CLANG_WARN_OBJC_ROOT_CLASS = YES_ERROR;
				CLANG_WARN_SUSPICIOUS_MOVE = YES;
				CLANG_WARN_UNREACHABLE_CODE = YES;
				CLANG_WARN__DUPLICATE_METHOD_MATCH = YES;
				"CODE_SIGN_IDENTITY[sdk=iphoneos*]" = "iPhone Developer";
				COPY_PHASE_STRIP = NO;
				DEBUG_INFORMATION_FORMAT = "dwarf-with-dsym";
				ENABLE_NS_ASSERTIONS = NO;
				ENABLE_STRICT_OBJC_MSGSEND = YES;
				GCC_C_LANGUAGE_STANDARD = gnu99;
				GCC_NO_COMMON_BLOCKS = YES;
				GCC_WARN_64_TO_32_BIT_CONVERSION = YES;
				GCC_WARN_ABOUT_RETURN_TYPE = YES_ERROR;
				GCC_WARN_UNDECLARED_SELECTOR = YES;
				GCC_WARN_UNINITIALIZED_AUTOS = YES_AGGRESSIVE;
				GCC_WARN_UNUSED_FUNCTION = YES;
				GCC_WARN_UNUSED_VARIABLE = YES;
				IPHONEOS_DEPLOYMENT_TARGET = 10.3;
				MTL_ENABLE_DEBUG_INFO = NO;
				SDKROOT = iphoneos;
				VALIDATE_PRODUCT = YES;
			};
			name = Release;
		};
		07F77B3A1EA6C55C00C67ED0 /* Debug */ = {
			isa = XCBuildConfiguration;
			buildSettings = {
				ASSETCATALOG_COMPILER_APPICON_NAME = AppIcon;
				DEVELOPMENT_TEAM = STT4SEF32G;
				INFOPLIST_FILE = RemoteNotes2/Info.plist;
				LD_RUNPATH_SEARCH_PATHS = "$(inherited) @executable_path/Frameworks";
				PRODUCT_BUNDLE_IDENTIFIER = com.industrialtoys.test.RemoteNotes;
				PRODUCT_NAME = "$(TARGET_NAME)";
			};
			name = Debug;
		};
		07F77B3B1EA6C55C00C67ED0 /* Release */ = {
			isa = XCBuildConfiguration;
			buildSettings = {
				ASSETCATALOG_COMPILER_APPICON_NAME = AppIcon;
				DEVELOPMENT_TEAM = STT4SEF32G;
				INFOPLIST_FILE = RemoteNotes2/Info.plist;
				LD_RUNPATH_SEARCH_PATHS = "$(inherited) @executable_path/Frameworks";
				PRODUCT_BUNDLE_IDENTIFIER = com.industrialtoys.test.RemoteNotes;
				PRODUCT_NAME = "$(TARGET_NAME)";
			};
			name = Release;
		};
/* End XCBuildConfiguration section */

/* Begin XCConfigurationList section */
		07F77B101EA6C55C00C67ED0 /* Build configuration list for PBXProject "RemoteNotes2" */ = {
			isa = XCConfigurationList;
			buildConfigurations = (
				07F77B371EA6C55C00C67ED0 /* Debug */,
				07F77B381EA6C55C00C67ED0 /* Release */,
			);
			defaultConfigurationIsVisible = 0;
			defaultConfigurationName = Release;
		};
		07F77B391EA6C55C00C67ED0 /* Build configuration list for PBXNativeTarget "RemoteNotes2" */ = {
			isa = XCConfigurationList;
			buildConfigurations = (
				07F77B3A1EA6C55C00C67ED0 /* Debug */,
				07F77B3B1EA6C55C00C67ED0 /* Release */,
			);
			defaultConfigurationIsVisible = 0;
		};
/* End XCConfigurationList section */
	};
	rootObject = 07F77B0D1EA6C55C00C67ED0 /* Project object */;
}
